Microsoft Visual Studio Solution File, Format Version 12.00
# Visual Studio Version 17
VisualStudioVersion = 17.5.2.0
MinimumVisualStudioVersion = 10.0.40219.1
Project("{FAE04EC0-301F-11D3-BF4B-00C04F79EFBC}") = "CartaoValidator", "CartaoValidator\CartaoValidator.csproj", "{007A5D45-E2EE-4B85-CAF6-338392F4906C}"
EndProject
Global
	GlobalSection(SolutionConfigurationPlatforms) = preSolution
		Debug|Any CPU = Debug|Any CPU
		Release|Any CPU = Release|Any CPU
	EndGlobalSection
	GlobalSection(ProjectConfigurationPlatforms) = postSolution
		{007A5D45-E2EE-4B85-CAF6-338392F4906C}.Debug|Any CPU.ActiveCfg = Debug|Any CPU
		{007A5D45-E2EE-4B85-CAF6-338392F4906C}.Debug|Any CPU.Build.0 = Debug|Any CPU
		{007A5D45-E2EE-4B85-CAF6-338392F4906C}.Release|Any CPU.ActiveCfg = Release|Any CPU
		{007A5D45-E2EE-4B85-CAF6-338392F4906C}.Release|Any CPU.Build.0 = Release|Any CPU
	EndGlobalSection
	GlobalSection(SolutionProperties) = preSolution
		HideSolutionNode = FALSE
	EndGlobalSection
	GlobalSection(ExtensibilityGlobals) = postSolution
		SolutionGuid = {CD6884DF-6A20-41DF-8730-BE34F2EF5F91}
	EndGlobalSection
EndGlobal
